
Microsoft Visual Studio Solution File, Format Version 12.00
# Visual Studio Version 17
VisualStudioVersion = 17.9.34714.143
MinimumVisualStudioVersion = 10.0.40219.1
Project("{FAE04EC0-301F-11D3-BF4B-00C04F79EFBC}") = "TreeStructure", "TreeStructure.csproj", "{D8516D4A-034F-4E6A-8A13-0B583C7B98BE}"
EndProject
Global
	GlobalSection(SolutionConfigurationPlatforms) = preSolution
		Debug|Any CPU = Debug|Any CPU
		Release|Any CPU = Release|Any CPU
	EndGlobalSection
	GlobalSection(ProjectConfigurationPlatforms) = postSolution
		{D8516D4A-034F-4E6A-8A13-0B583C7B98BE}.Debug|Any CPU.ActiveCfg = Debug|Any CPU
		{D8516D4A-034F-4E6A-8A13-0B583C7B98BE}.Debug|Any CPU.Build.0 = Debug|Any CPU
		{D8516D4A-034F-4E6A-8A13-0B583C7B98BE}.Release|Any CPU.ActiveCfg = Release|Any CPU
		{D8516D4A-034F-4E6A-8A13-0B583C7B98BE}.Release|Any CPU.Build.0 = Release|Any CPU
	EndGlobalSection
	GlobalSection(SolutionProperties) = preSolution
		HideSolutionNode = FALSE
	EndGlobalSection
	GlobalSection(ExtensibilityGlobals) = postSolution
		SolutionGuid = {23072CDC-0B75-4099-856C-CB0E65A972B4}
	EndGlobalSection
EndGlobal
